
Microsoft Visual Studio Solution File, Format Version 12.00
# Visual Studio 15
VisualStudioVersion = 15.0.25807.0
MinimumVisualStudioVersion = 10.0.40219.1
Project("{2150E333-8FDC-42A3-9474-1A3956D46DE8}") = "Engine", "Engine", "{F9572564-6C90-435B-8323-CC51FF856000}"
EndProject
Project("{2150E333-8FDC-42A3-9474-1A3956D46DE8}") = "Games", "Games", "{3CB78DA9-A88B-4060-BBC6-DD15BCF3E3D8}"
EndProject
Project("{8BC9CEB8-8B4A-11D0-8D11-00A0C91BC942}") = "UE4", "Intermediate\ProjectFiles\UE4.vcxproj", "{5EDCDD36-0C90-4D58-9B52-E83532B6A6F6}"
EndProject
Project("{8BC9CEB8-8B4A-11D0-8D11-00A0C91BC942}") = "rndr", "Intermediate\ProjectFiles\rndr.vcxproj", "{F949153B-9536-4584-914E-092B903C5694}"
EndProject
Project("{2150E333-8FDC-42A3-9474-1A3956D46DE8}") = "Visualizers", "Visualizers", "{10755BAD-AF9E-44A2-B24A-5DAF0FA56A43}"
	ProjectSection(SolutionItems) = preProject
		..\Program Files\Epic Games\UE_4.22\Engine\Extras\VisualStudioDebugging\UE4.natvis = ..\Program Files\Epic Games\UE_4.22\Engine\Extras\VisualStudioDebugging\UE4.natvis
	EndProjectSection
EndProject
Global
	GlobalSection(SolutionConfigurationPlatforms) = preSolution
		DebugGame Editor|Win32 = DebugGame Editor|Win32
		DebugGame Editor|Win64 = DebugGame Editor|Win64
		DebugGame|Win32 = DebugGame|Win32
		DebugGame|Win64 = DebugGame|Win64
		Development Editor|Win32 = Development Editor|Win32
		Development Editor|Win64 = Development Editor|Win64
		Development|Win32 = Development|Win32
		Development|Win64 = Development|Win64
		Shipping|Win32 = Shipping|Win32
		Shipping|Win64 = Shipping|Win64
	EndGlobalSection
	GlobalSection(ProjectConfigurationPlatforms) = postSolution
		{5EDCDD36-0C90-4D58-9B52-E83532B6A6F6}.DebugGame Editor|Win32.ActiveCfg = BuiltWithUnrealBuildTool|Win32
		{5EDCDD36-0C90-4D58-9B52-E83532B6A6F6}.DebugGame Editor|Win64.ActiveCfg = BuiltWithUnrealBuildTool|Win32
		{5EDCDD36-0C90-4D58-9B52-E83532B6A6F6}.DebugGame|Win32.ActiveCfg = BuiltWithUnrealBuildTool|Win32
		{5EDCDD36-0C90-4D58-9B52-E83532B6A6F6}.DebugGame|Win64.ActiveCfg = BuiltWithUnrealBuildTool|Win32
		{5EDCDD36-0C90-4D58-9B52-E83532B6A6F6}.Development Editor|Win32.ActiveCfg = BuiltWithUnrealBuildTool|Win32
		{5EDCDD36-0C90-4D58-9B52-E83532B6A6F6}.Development Editor|Win64.ActiveCfg = BuiltWithUnrealBuildTool|Win32
		{5EDCDD36-0C90-4D58-9B52-E83532B6A6F6}.Development|Win32.ActiveCfg = BuiltWithUnrealBuildTool|Win32
		{5EDCDD36-0C90-4D58-9B52-E83532B6A6F6}.Development|Win64.ActiveCfg = BuiltWithUnrealBuildTool|Win32
		{5EDCDD36-0C90-4D58-9B52-E83532B6A6F6}.Shipping|Win32.ActiveCfg = BuiltWithUnrealBuildTool|Win32
		{5EDCDD36-0C90-4D58-9B52-E83532B6A6F6}.Shipping|Win64.ActiveCfg = BuiltWithUnrealBuildTool|Win32
		{F949153B-9536-4584-914E-092B903C5694}.DebugGame Editor|Win32.ActiveCfg = Invalid|Win32
		{F949153B-9536-4584-914E-092B903C5694}.DebugGame Editor|Win64.ActiveCfg = DebugGame_Editor|x64
		{F949153B-9536-4584-914E-092B903C5694}.DebugGame Editor|Win64.Build.0 = DebugGame_Editor|x64
		{F949153B-9536-4584-914E-092B903C5694}.DebugGame|Win32.ActiveCfg = DebugGame|Win32
		{F949153B-9536-4584-914E-092B903C5694}.DebugGame|Win32.Build.0 = DebugGame|Win32
		{F949153B-9536-4584-914E-092B903C5694}.DebugGame|Win64.ActiveCfg = DebugGame|x64
		{F949153B-9536-4584-914E-092B903C5694}.DebugGame|Win64.Build.0 = DebugGame|x64
		{F949153B-9536-4584-914E-092B903C5694}.Development Editor|Win32.ActiveCfg = Invalid|Win32
		{F949153B-9536-4584-914E-092B903C5694}.Development Editor|Win64.ActiveCfg = Development_Editor|x64
		{F949153B-9536-4584-914E-092B903C5694}.Development Editor|Win64.Build.0 = Development_Editor|x64
		{F949153B-9536-4584-914E-092B903C5694}.Development|Win32.ActiveCfg = Development|Win32
		{F949153B-9536-4584-914E-092B903C5694}.Development|Win32.Build.0 = Development|Win32
		{F949153B-9536-4584-914E-092B903C5694}.Development|Win64.ActiveCfg = Development|x64
		{F949153B-9536-4584-914E-092B903C5694}.Development|Win64.Build.0 = Development|x64
		{F949153B-9536-4584-914E-092B903C5694}.Shipping|Win32.ActiveCfg = Shipping|Win32
		{F949153B-9536-4584-914E-092B903C5694}.Shipping|Win32.Build.0 = Shipping|Win32
		{F949153B-9536-4584-914E-092B903C5694}.Shipping|Win64.ActiveCfg = Shipping|x64
		{F949153B-9536-4584-914E-092B903C5694}.Shipping|Win64.Build.0 = Shipping|x64
	EndGlobalSection
	GlobalSection(SolutionProperties) = preSolution
		HideSolutionNode = FALSE
	EndGlobalSection
	GlobalSection(NestedProjects) = preSolution
		{5EDCDD36-0C90-4D58-9B52-E83532B6A6F6} = {F9572564-6C90-435B-8323-CC51FF856000}
		{F949153B-9536-4584-914E-092B903C5694} = {3CB78DA9-A88B-4060-BBC6-DD15BCF3E3D8}
	EndGlobalSection
EndGlobal
