
Microsoft Visual Studio Solution File, Format Version 12.00
# Visual Studio 15
VisualStudioVersion = 15.0.25807.0
MinimumVisualStudioVersion = 10.0.40219.1
Project("{2150E333-8FDC-42A3-9474-1A3956D46DE8}") = "Engine", "Engine", "{97CE3D6E-7F09-424E-85D8-5B24CC90731C}"
EndProject
Project("{2150E333-8FDC-42A3-9474-1A3956D46DE8}") = "Games", "Games", "{58910926-377E-452E-8240-CC7891028C1B}"
EndProject
Project("{8BC9CEB8-8B4A-11D0-8D11-00A0C91BC942}") = "UE4", "Intermediate\ProjectFiles\UE4.vcxproj", "{16289CB5-A6A2-4BEB-830F-3EF0AF95603C}"
EndProject
Project("{8BC9CEB8-8B4A-11D0-8D11-00A0C91BC942}") = "rndr", "Intermediate\ProjectFiles\rndr.vcxproj", "{6087677C-228C-47D4-9E69-0849E31D8447}"
EndProject
Project("{2150E333-8FDC-42A3-9474-1A3956D46DE8}") = "Visualizers", "Visualizers", "{EED7FE36-2ECF-4FA6-A9DA-49A50EE1E071}"
	ProjectSection(SolutionItems) = preProject
		..\Program Files\Epic Games\UE_4.22\Engine\Extras\VisualStudioDebugging\UE4.natvis = ..\Program Files\Epic Games\UE_4.22\Engine\Extras\VisualStudioDebugging\UE4.natvis
	EndProjectSection
EndProject
Global
	GlobalSection(SolutionConfigurationPlatforms) = preSolution
		DebugGame Editor|Win32 = DebugGame Editor|Win32
		DebugGame Editor|Win64 = DebugGame Editor|Win64
		DebugGame|Win32 = DebugGame|Win32
		DebugGame|Win64 = DebugGame|Win64
		Development Editor|Win32 = Development Editor|Win32
		Development Editor|Win64 = Development Editor|Win64
		Development|Win32 = Development|Win32
		Development|Win64 = Development|Win64
		Shipping|Win32 = Shipping|Win32
		Shipping|Win64 = Shipping|Win64
	EndGlobalSection
	GlobalSection(ProjectConfigurationPlatforms) = postSolution
		{16289CB5-A6A2-4BEB-830F-3EF0AF95603C}.DebugGame Editor|Win32.ActiveCfg = BuiltWithUnrealBuildTool|Win32
		{16289CB5-A6A2-4BEB-830F-3EF0AF95603C}.DebugGame Editor|Win64.ActiveCfg = BuiltWithUnrealBuildTool|Win32
		{16289CB5-A6A2-4BEB-830F-3EF0AF95603C}.DebugGame|Win32.ActiveCfg = BuiltWithUnrealBuildTool|Win32
		{16289CB5-A6A2-4BEB-830F-3EF0AF95603C}.DebugGame|Win64.ActiveCfg = BuiltWithUnrealBuildTool|Win32
		{16289CB5-A6A2-4BEB-830F-3EF0AF95603C}.Development Editor|Win32.ActiveCfg = BuiltWithUnrealBuildTool|Win32
		{16289CB5-A6A2-4BEB-830F-3EF0AF95603C}.Development Editor|Win64.ActiveCfg = BuiltWithUnrealBuildTool|Win32
		{16289CB5-A6A2-4BEB-830F-3EF0AF95603C}.Development|Win32.ActiveCfg = BuiltWithUnrealBuildTool|Win32
		{16289CB5-A6A2-4BEB-830F-3EF0AF95603C}.Development|Win64.ActiveCfg = BuiltWithUnrealBuildTool|Win32
		{16289CB5-A6A2-4BEB-830F-3EF0AF95603C}.Shipping|Win32.ActiveCfg = BuiltWithUnrealBuildTool|Win32
		{16289CB5-A6A2-4BEB-830F-3EF0AF95603C}.Shipping|Win64.ActiveCfg = BuiltWithUnrealBuildTool|Win32
		{6087677C-228C-47D4-9E69-0849E31D8447}.DebugGame Editor|Win32.ActiveCfg = Invalid|Win32
		{6087677C-228C-47D4-9E69-0849E31D8447}.DebugGame Editor|Win64.ActiveCfg = DebugGame_Editor|x64
		{6087677C-228C-47D4-9E69-0849E31D8447}.DebugGame Editor|Win64.Build.0 = DebugGame_Editor|x64
		{6087677C-228C-47D4-9E69-0849E31D8447}.DebugGame|Win32.ActiveCfg = DebugGame|Win32
		{6087677C-228C-47D4-9E69-0849E31D8447}.DebugGame|Win32.Build.0 = DebugGame|Win32
		{6087677C-228C-47D4-9E69-0849E31D8447}.DebugGame|Win64.ActiveCfg = DebugGame|x64
		{6087677C-228C-47D4-9E69-0849E31D8447}.DebugGame|Win64.Build.0 = DebugGame|x64
		{6087677C-228C-47D4-9E69-0849E31D8447}.Development Editor|Win32.ActiveCfg = Invalid|Win32
		{6087677C-228C-47D4-9E69-0849E31D8447}.Development Editor|Win64.ActiveCfg = Development_Editor|x64
		{6087677C-228C-47D4-9E69-0849E31D8447}.Development Editor|Win64.Build.0 = Development_Editor|x64
		{6087677C-228C-47D4-9E69-0849E31D8447}.Development|Win32.ActiveCfg = Development|Win32
		{6087677C-228C-47D4-9E69-0849E31D8447}.Development|Win32.Build.0 = Development|Win32
		{6087677C-228C-47D4-9E69-0849E31D8447}.Development|Win64.ActiveCfg = Development|x64
		{6087677C-228C-47D4-9E69-0849E31D8447}.Development|Win64.Build.0 = Development|x64
		{6087677C-228C-47D4-9E69-0849E31D8447}.Shipping|Win32.ActiveCfg = Shipping|Win32
		{6087677C-228C-47D4-9E69-0849E31D8447}.Shipping|Win32.Build.0 = Shipping|Win32
		{6087677C-228C-47D4-9E69-0849E31D8447}.Shipping|Win64.ActiveCfg = Shipping|x64
		{6087677C-228C-47D4-9E69-0849E31D8447}.Shipping|Win64.Build.0 = Shipping|x64
	EndGlobalSection
	GlobalSection(SolutionProperties) = preSolution
		HideSolutionNode = FALSE
	EndGlobalSection
	GlobalSection(NestedProjects) = preSolution
		{16289CB5-A6A2-4BEB-830F-3EF0AF95603C} = {97CE3D6E-7F09-424E-85D8-5B24CC90731C}
		{6087677C-228C-47D4-9E69-0849E31D8447} = {58910926-377E-452E-8240-CC7891028C1B}
	EndGlobalSection
EndGlobal
